
Microsoft Visual Studio Solution File, Format Version 12.00
Project("{FAE04EC0-301F-11D3-BF4B-00C04F79EFBC}") = "Volvox.Enigma.Console", "src\Volvox.Enigma.Console\Volvox.Enigma.Console.csproj", "{DA1F5945-E6F9-419A-AD7B-CD339DC7FF5A}"
EndProject
Project("{FAE04EC0-301F-11D3-BF4B-00C04F79EFBC}") = "Volvox.Enigma.Domain", "src\Volvox.Enigma.Domain\Volvox.Enigma.Domain.csproj", "{8F9CED4C-1DEC-40C8-9509-D1E75956A5F7}"
EndProject
Project("{FAE04EC0-301F-11D3-BF4B-00C04F79EFBC}") = "Volvox.Engima.Service", "src\Volvox.Engima.Service\Volvox.Engima.Service.csproj", "{6991FAC0-1AC4-4FE2-9696-AAAAB0B1A980}"
EndProject
Global
	GlobalSection(SolutionConfigurationPlatforms) = preSolution
		Debug|Any CPU = Debug|Any CPU
		Release|Any CPU = Release|Any CPU
	EndGlobalSection
	GlobalSection(ProjectConfigurationPlatforms) = postSolution
		{DA1F5945-E6F9-419A-AD7B-CD339DC7FF5A}.Debug|Any CPU.ActiveCfg = Debug|Any CPU
		{DA1F5945-E6F9-419A-AD7B-CD339DC7FF5A}.Debug|Any CPU.Build.0 = Debug|Any CPU
		{DA1F5945-E6F9-419A-AD7B-CD339DC7FF5A}.Release|Any CPU.ActiveCfg = Release|Any CPU
		{DA1F5945-E6F9-419A-AD7B-CD339DC7FF5A}.Release|Any CPU.Build.0 = Release|Any CPU
		{8F9CED4C-1DEC-40C8-9509-D1E75956A5F7}.Debug|Any CPU.ActiveCfg = Debug|Any CPU
		{8F9CED4C-1DEC-40C8-9509-D1E75956A5F7}.Debug|Any CPU.Build.0 = Debug|Any CPU
		{8F9CED4C-1DEC-40C8-9509-D1E75956A5F7}.Release|Any CPU.ActiveCfg = Release|Any CPU
		{8F9CED4C-1DEC-40C8-9509-D1E75956A5F7}.Release|Any CPU.Build.0 = Release|Any CPU
		{6991FAC0-1AC4-4FE2-9696-AAAAB0B1A980}.Debug|Any CPU.ActiveCfg = Debug|Any CPU
		{6991FAC0-1AC4-4FE2-9696-AAAAB0B1A980}.Debug|Any CPU.Build.0 = Debug|Any CPU
		{6991FAC0-1AC4-4FE2-9696-AAAAB0B1A980}.Release|Any CPU.ActiveCfg = Release|Any CPU
		{6991FAC0-1AC4-4FE2-9696-AAAAB0B1A980}.Release|Any CPU.Build.0 = Release|Any CPU
	EndGlobalSection
EndGlobal
